// !$*UTF8*$!
{
	archiveVersion = 1;
	classes = {
	};
	objectVersion = 46;
	objects = {

/* Begin PBXBuildFile section */
		844C64AA1C7B2588004AE473 /* SettingsViewController.swift in Sources */ = {isa = PBXBuildFile; fileRef = 844C64A91C7B2588004AE473 /* SettingsViewController.swift */; };
		844C64AC1C7B2B83004AE473 /* SettingsItemCell.swift in Sources */ = {isa = PBXBuildFile; fileRef = 844C64AB1C7B2B83004AE473 /* SettingsItemCell.swift */; };
		844C64AE1C7B3AA4004AE473 /* SettingsTimeCell.swift in Sources */ = {isa = PBXBuildFile; fileRef = 844C64AD1C7B3AA4004AE473 /* SettingsTimeCell.swift */; };
		844C64B01C7B3AD5004AE473 /* SettingsShowFavouritesCell.swift in Sources */ = {isa = PBXBuildFile; fileRef = 844C64AF1C7B3AD5004AE473 /* SettingsShowFavouritesCell.swift */; };
		844C64B21C7B3B06004AE473 /* SettingsRandomOrderCell.swift in Sources */ = {isa = PBXBuildFile; fileRef = 844C64B11C7B3B06004AE473 /* SettingsRandomOrderCell.swift */; };
		844C64B41C7B3B1D004AE473 /* SettingsAnimationCell.swift in Sources */ = {isa = PBXBuildFile; fileRef = 844C64B31C7B3B1D004AE473 /* SettingsAnimationCell.swift */; };
		844C64B61C7B68D1004AE473 /* PicturesViewController.swift in Sources */ = {isa = PBXBuildFile; fileRef = 844C64B51C7B68D1004AE473 /* PicturesViewController.swift */; };
		844C64B81C7CBCEC004AE473 /* Pictures.plist in Resources */ = {isa = PBXBuildFile; fileRef = 844C64B71C7CBCEC004AE473 /* Pictures.plist */; };
		84D193E11C7B113600F4CDE3 /* AppDelegate.swift in Sources */ = {isa = PBXBuildFile; fileRef = 84D193E01C7B113600F4CDE3 /* AppDelegate.swift */; };
		84D193E61C7B113600F4CDE3 /* Main.storyboard in Resources */ = {isa = PBXBuildFile; fileRef = 84D193E41C7B113600F4CDE3 /* Main.storyboard */; };
		84D193E81C7B113600F4CDE3 /* Assets.xcassets in Resources */ = {isa = PBXBuildFile; fileRef = 84D193E71C7B113600F4CDE3 /* Assets.xcassets */; };
		84D193EB1C7B113600F4CDE3 /* LaunchScreen.storyboard in Resources */ = {isa = PBXBuildFile; fileRef = 84D193E91C7B113600F4CDE3 /* LaunchScreen.storyboard */; };
/* End PBXBuildFile section */

/* Begin PBXFileReference section */
		844C64A91C7B2588004AE473 /* SettingsViewController.swift */ = {isa = PBXFileReference; fileEncoding = 4; lastKnownFileType = sourcecode.swift; path = SettingsViewController.swift; sourceTree = "<group>"; };
		844C64AB1C7B2B83004AE473 /* SettingsItemCell.swift */ = {isa = PBXFileReference; fileEncoding = 4; lastKnownFileType = sourcecode.swift; path = SettingsItemCell.swift; sourceTree = "<group>"; };
		844C64AD1C7B3AA4004AE473 /* SettingsTimeCell.swift */ = {isa = PBXFileReference; fileEncoding = 4; lastKnownFileType = sourcecode.swift; path = SettingsTimeCell.swift; sourceTree = "<group>"; };
		844C64AF1C7B3AD5004AE473 /* SettingsShowFavouritesCell.swift */ = {isa = PBXFileReference; fileEncoding = 4; lastKnownFileType = sourcecode.swift; path = SettingsShowFavouritesCell.swift; sourceTree = "<group>"; };
		844C64B11C7B3B06004AE473 /* SettingsRandomOrderCell.swift */ = {isa = PBXFileReference; fileEncoding = 4; lastKnownFileType = sourcecode.swift; path = SettingsRandomOrderCell.swift; sourceTree = "<group>"; };
		844C64B31C7B3B1D004AE473 /* SettingsAnimationCell.swift */ = {isa = PBXFileReference; fileEncoding = 4; lastKnownFileType = sourcecode.swift; path = SettingsAnimationCell.swift; sourceTree = "<group>"; };
		844C64B51C7B68D1004AE473 /* PicturesViewController.swift */ = {isa = PBXFileReference; fileEncoding = 4; lastKnownFileType = sourcecode.swift; path = PicturesViewController.swift; sourceTree = "<group>"; };
		844C64B71C7CBCEC004AE473 /* Pictures.plist */ = {isa = PBXFileReference; fileEncoding = 4; lastKnownFileType = text.plist.xml; path = Pictures.plist; sourceTree = "<group>"; };
		84D193DD1C7B113600F4CDE3 /* Picture Viewer.app */ = {isa = PBXFileReference; explicitFileType = wrapper.application; includeInIndex = 0; path = "Picture Viewer.app"; sourceTree = BUILT_PRODUCTS_DIR; };
		84D193E01C7B113600F4CDE3 /* AppDelegate.swift */ = {isa = PBXFileReference; lastKnownFileType = sourcecode.swift; path = AppDelegate.swift; sourceTree = "<group>"; };
		84D193E51C7B113600F4CDE3 /* Base */ = {isa = PBXFileReference; lastKnownFileType = file.storyboard; name = Base; path = Base.lproj/Main.storyboard; sourceTree = "<group>"; };
		84D193E71C7B113600F4CDE3 /* Assets.xcassets */ = {isa = PBXFileReference; lastKnownFileType = folder.assetcatalog; path = Assets.xcassets; sourceTree = "<group>"; };
		84D193EA1C7B113600F4CDE3 /* Base */ = {isa = PBXFileReference; lastKnownFileType = file.storyboard; name = Base; path = Base.lproj/LaunchScreen.storyboard; sourceTree = "<group>"; };
		84D193EC1C7B113600F4CDE3 /* Info.plist */ = {isa = PBXFileReference; lastKnownFileType = text.plist.xml; path = Info.plist; sourceTree = "<group>"; };
/* End PBXFileReference section */

/* Begin PBXFrameworksBuildPhase section */
		84D193DA1C7B113600F4CDE3 /* Frameworks */ = {
			isa = PBXFrameworksBuildPhase;
			buildActionMask = 2147483647;
			files = (
			);
			runOnlyForDeploymentPostprocessing = 0;
		};
/* End PBXFrameworksBuildPhase section */

/* Begin PBXGroup section */
		84D193D41C7B113600F4CDE3 = {
			isa = PBXGroup;
			children = (
				84D193DF1C7B113600F4CDE3 /* Picture Viewer */,
				84D193DE1C7B113600F4CDE3 /* Products */,
			);
			sourceTree = "<group>";
		};
		84D193DE1C7B113600F4CDE3 /* Products */ = {
			isa = PBXGroup;
			children = (
				84D193DD1C7B113600F4CDE3 /* Picture Viewer.app */,
			);
			name = Products;
			sourceTree = "<group>";
		};
		84D193DF1C7B113600F4CDE3 /* Picture Viewer */ = {
			isa = PBXGroup;
			children = (
				84D193E01C7B113600F4CDE3 /* AppDelegate.swift */,
				84D193E41C7B113600F4CDE3 /* Main.storyboard */,
				84D193E71C7B113600F4CDE3 /* Assets.xcassets */,
				84D193E91C7B113600F4CDE3 /* LaunchScreen.storyboard */,
				84D193EC1C7B113600F4CDE3 /* Info.plist */,
				844C64A91C7B2588004AE473 /* SettingsViewController.swift */,
				844C64AB1C7B2B83004AE473 /* SettingsItemCell.swift */,
				844C64AD1C7B3AA4004AE473 /* SettingsTimeCell.swift */,
				844C64AF1C7B3AD5004AE473 /* SettingsShowFavouritesCell.swift */,
				844C64B11C7B3B06004AE473 /* SettingsRandomOrderCell.swift */,
				844C64B31C7B3B1D004AE473 /* SettingsAnimationCell.swift */,
				844C64B51C7B68D1004AE473 /* PicturesViewController.swift */,
				844C64B71C7CBCEC004AE473 /* Pictures.plist */,
			);
			path = "Picture Viewer";
			sourceTree = "<group>";
		};
/* End PBXGroup section */

/* Begin PBXNativeTarget section */
		84D193DC1C7B113600F4CDE3 /* Picture Viewer */ = {
			isa = PBXNativeTarget;
			buildConfigurationList = 84D193EF1C7B113600F4CDE3 /* Build configuration list for PBXNativeTarget "Picture Viewer" */;
			buildPhases = (
				84D193D91C7B113600F4CDE3 /* Sources */,
				84D193DA1C7B113600F4CDE3 /* Frameworks */,
				84D193DB1C7B113600F4CDE3 /* Resources */,
			);
			buildRules = (
			);
			dependencies = (
			);
			name = "Picture Viewer";
			productName = "Picture Viewer";
			productReference = 84D193DD1C7B113600F4CDE3 /* Picture Viewer.app */;
			productType = "com.apple.product-type.application";
		};
/* End PBXNativeTarget section */

/* Begin PBXProject section */
		84D193D51C7B113600F4CDE3 /* Project object */ = {
			isa = PBXProject;
			attributes = {
				LastSwiftUpdateCheck = 0720;
				LastUpgradeCheck = 1010;
				ORGANIZATIONNAME = AndreevAE;
				TargetAttributes = {
					84D193DC1C7B113600F4CDE3 = {
						CreatedOnToolsVersion = 7.2.1;
						LastSwiftMigration = 1250;
						ProvisioningStyle = Manual;
					};
				};
			};
			buildConfigurationList = 84D193D81C7B113600F4CDE3 /* Build configuration list for PBXProject "Picture Viewer" */;
			compatibilityVersion = "Xcode 3.2";
			developmentRegion = English;
			hasScannedForEncodings = 0;
			knownRegions = (
				English,
				en,
				Base,
			);
			mainGroup = 84D193D41C7B113600F4CDE3;
			productRefGroup = 84D193DE1C7B113600F4CDE3 /* Products */;
			projectDirPath = "";
			projectRoot = "";
			targets = (
				84D193DC1C7B113600F4CDE3 /* Picture Viewer */,
			);
		};
/* End PBXProject section */

/* Begin PBXResourcesBuildPhase section */
		84D193DB1C7B113600F4CDE3 /* Resources */ = {
			isa = PBXResourcesBuildPhase;
			buildActionMask = 2147483647;
			files = (
				84D193EB1C7B113600F4CDE3 /* LaunchScreen.storyboard in Resources */,
				84D193E81C7B113600F4CDE3 /* Assets.xcassets in Resources */,
				844C64B81C7CBCEC004AE473 /* Pictures.plist in Resources */,
				84D193E61C7B113600F4CDE3 /* Main.storyboard in Resources */,
			);
			runOnlyForDeploymentPostprocessing = 0;
		};
/* End PBXResourcesBuildPhase section */

/* Begin PBXSourcesBuildPhase section */
		84D193D91C7B113600F4CDE3 /* Sources */ = {
			isa = PBXSourcesBuildPhase;
			buildActionMask = 2147483647;
			files = (
				844C64AC1C7B2B83004AE473 /* SettingsItemCell.swift in Sources */,
				844C64B61C7B68D1004AE473 /* PicturesViewController.swift in Sources */,
				844C64AE1C7B3AA4004AE473 /* SettingsTimeCell.swift in Sources */,
				84D193E11C7B113600F4CDE3 /* AppDelegate.swift in Sources */,
				844C64B01C7B3AD5004AE473 /* SettingsShowFavouritesCell.swift in Sources */,
				844C64AA1C7B2588004AE473 /* SettingsViewController.swift in Sources */,
				844C64B21C7B3B06004AE473 /* SettingsRandomOrderCell.swift in Sources */,
				844C64B41C7B3B1D004AE473 /* SettingsAnimationCell.swift in Sources */,
			);
			runOnlyForDeploymentPostprocessing = 0;
		};
/* End PBXSourcesBuildPhase section */

/* Begin PBXVariantGroup section */
		84D193E41C7B113600F4CDE3 /* Main.storyboard */ = {
			isa = PBXVariantGroup;
			children = (
				84D193E51C7B113600F4CDE3 /* Base */,
			);
			name = Main.storyboard;
			sourceTree = "<group>";
		};
		84D193E91C7B113600F4CDE3 /* LaunchScreen.storyboard */ = {
			isa = PBXVariantGroup;
			children = (
				84D193EA1C7B113600F4CDE3 /* Base */,
			);
			name = LaunchScreen.storyboard;
			sourceTree = "<group>";
		};
/* End PBXVariantGroup section */

/* Begin XCBuildConfiguration section */
		84D193ED1C7B113600F4CDE3 /* Debug */ = {
			isa = XCBuildConfiguration;
			buildSettings = {
				ALWAYS_SEARCH_USER_PATHS = NO;
				CLANG_CXX_LANGUAGE_STANDARD = "gnu++0x";
				CLANG_CXX_LIBRARY = "libc++";
				CLANG_ENABLE_MODULES = YES;
				CLANG_ENABLE_OBJC_ARC = YES;
				CLANG_WARN_BLOCK_CAPTURE_AUTORELEASING = YES;
				CLANG_WARN_BOOL_CONVERSION = YES;
				CLANG_WARN_COMMA = YES;
				CLANG_WARN_CONSTANT_CONVERSION = YES;
				CLANG_WARN_DEPRECATED_OBJC_IMPLEMENTATIONS = YES;
				CLANG_WARN_DIRECT_OBJC_ISA_USAGE = YES_ERROR;
				CLANG_WARN_EMPTY_BODY = YES;
				CLANG_WARN_ENUM_CONVERSION = YES;
				CLANG_WARN_INFINITE_RECURSION = YES;
				CLANG_WARN_INT_CONVERSION = YES;
				CLANG_WARN_NON_LITERAL_NULL_CONVERSION = YES;
				CLANG_WARN_OBJC_IMPLICIT_RETAIN_SELF = YES;
				CLANG_WARN_OBJC_LITERAL_CONVERSION = YES;
				CLANG_WARN_OBJC_ROOT_CLASS = YES_ERROR;
				CLANG_WARN_RANGE_LOOP_ANALYSIS = YES;
				CLANG_WARN_STRICT_PROTOTYPES = YES;
				CLANG_WARN_SUSPICIOUS_MOVE = YES;
				CLANG_WARN_UNREACHABLE_CODE = YES;
				CLANG_WARN__DUPLICATE_METHOD_MATCH = YES;
				"CODE_SIGN_IDENTITY[sdk=iphoneos*]" = "iPhone Developer";
				COPY_PHASE_STRIP = NO;
				DEBUG_INFORMATION_FORMAT = dwarf;
				ENABLE_STRICT_OBJC_MSGSEND = YES;
				ENABLE_TESTABILITY = YES;
				GCC_C_LANGUAGE_STANDARD = gnu99;
				GCC_DYNAMIC_NO_PIC = NO;
				GCC_NO_COMMON_BLOCKS = YES;
				GCC_OPTIMIZATION_LEVEL = 0;
				GCC_PREPROCESSOR_DEFINITIONS = (
					"DEBUG=1",
					"$(inherited)",
				);
				GCC_WARN_64_TO_32_BIT_CONVERSION = YES;
				GCC_WARN_ABOUT_RETURN_TYPE = YES_ERROR;
				GCC_WARN_UNDECLARED_SELECTOR = YES;
				GCC_WARN_UNINITIALIZED_AUTOS = YES_AGGRESSIVE;
				GCC_WARN_UNUSED_FUNCTION = YES;
				GCC_WARN_UNUSED_VARIABLE = YES;
				IPHONEOS_DEPLOYMENT_TARGET = 9.2;
				MTL_ENABLE_DEBUG_INFO = YES;
				ONLY_ACTIVE_ARCH = YES;
				SDKROOT = iphoneos;
				SWIFT_OPTIMIZATION_LEVEL = "-Onone";
				SWIFT_VERSION = 5.0;
				TARGETED_DEVICE_FAMILY = "1,2";
			};
			name = Debug;
		};
		84D193EE1C7B113600F4CDE3 /* Release */ = {
			isa = XCBuildConfiguration;
			buildSettings = {
				ALWAYS_SEARCH_USER_PATHS = NO;
				CLANG_CXX_LANGUAGE_STANDARD = "gnu++0x";
				CLANG_CXX_LIBRARY = "libc++";
				CLANG_ENABLE_MODULES = YES;
				CLANG_ENABLE_OBJC_ARC = YES;
				CLANG_WARN_BLOCK_CAPTURE_AUTORELEASING = YES;
				CLANG_WARN_BOOL_CONVERSION = YES;
				CLANG_WARN_COMMA = YES;
				CLANG_WARN_CONSTANT_CONVERSION = YES;
				CLANG_WARN_DEPRECATED_OBJC_IMPLEMENTATIONS = YES;
				CLANG_WARN_DIRECT_OBJC_ISA_USAGE = YES_ERROR;
				CLANG_WARN_EMPTY_BODY = YES;
				CLANG_WARN_ENUM_CONVERSION = YES;
				CLANG_WARN_INFINITE_RECURSION = YES;
				CLANG_WARN_INT_CONVERSION = YES;
				CLANG_WARN_NON_LITERAL_NULL_CONVERSION = YES;
				CLANG_WARN_OBJC_IMPLICIT_RETAIN_SELF = YES;
				CLANG_WARN_OBJC_LITERAL_CONVERSION = YES;
				CLANG_WARN_OBJC_ROOT_CLASS = YES_ERROR;
				CLANG_WARN_RANGE_LOOP_ANALYSIS = YES;
				CLANG_WARN_STRICT_PROTOTYPES = YES;
				CLANG_WARN_SUSPICIOUS_MOVE = YES;
				CLANG_WARN_UNREACHABLE_CODE = YES;
				CLANG_WARN__DUPLICATE_METHOD_MATCH = YES;
				"CODE_SIGN_IDENTITY[sdk=iphoneos*]" = "iPhone Developer";
				COPY_PHASE_STRIP = NO;
				DEBUG_INFORMATION_FORMAT = "dwarf-with-dsym";
				ENABLE_NS_ASSERTIONS = NO;
				ENABLE_STRICT_OBJC_MSGSEND = YES;
				GCC_C_LANGUAGE_STANDARD = gnu99;
				GCC_NO_COMMON_BLOCKS = YES;
				GCC_WARN_64_TO_32_BIT_CONVERSION = YES;
				GCC_WARN_ABOUT_RETURN_TYPE = YES_ERROR;
				GCC_WARN_UNDECLARED_SELECTOR = YES;
				GCC_WARN_UNINITIALIZED_AUTOS = YES_AGGRESSIVE;
				GCC_WARN_UNUSED_FUNCTION = YES;
				GCC_WARN_UNUSED_VARIABLE = YES;
				IPHONEOS_DEPLOYMENT_TARGET = 9.2;
				MTL_ENABLE_DEBUG_INFO = NO;
				SDKROOT = iphoneos;
				SWIFT_COMPILATION_MODE = wholemodule;
				SWIFT_VERSION = 5.0;
				TARGETED_DEVICE_FAMILY = "1,2";
				VALIDATE_PRODUCT = YES;
			};
			name = Release;
		};
		84D193F01C7B113600F4CDE3 /* Debug */ = {
			isa = XCBuildConfiguration;
			buildSettings = {
				ASSETCATALOG_COMPILER_APPICON_NAME = AppIcon;
				CODE_SIGN_STYLE = Manual;
				DEVELOPMENT_TEAM = "";
				INFOPLIST_FILE = "Picture Viewer/Info.plist";
				IPHONEOS_DEPLOYMENT_TARGET = 9.0;
				LD_RUNPATH_SEARCH_PATHS = "$(inherited) @executable_path/Frameworks";
				PRODUCT_BUNDLE_IDENTIFIER = "ru.pviewer.andreevae.Picture-Viewer";
				PRODUCT_NAME = "$(TARGET_NAME)";
				PROVISIONING_PROFILE_SPECIFIER = "";
				SWIFT_VERSION = 5.0;
			};
			name = Debug;
		};
		84D193F11C7B113600F4CDE3 /* Release */ = {
			isa = XCBuildConfiguration;
			buildSettings = {
				ASSETCATALOG_COMPILER_APPICON_NAME = AppIcon;
				CODE_SIGN_STYLE = Manual;
				DEVELOPMENT_TEAM = "";
				INFOPLIST_FILE = "Picture Viewer/Info.plist";
				IPHONEOS_DEPLOYMENT_TARGET = 9.0;
				LD_RUNPATH_SEARCH_PATHS = "$(inherited) @executable_path/Frameworks";
				PRODUCT_BUNDLE_IDENTIFIER = "ru.pviewer.andreevae.Picture-Viewer";
				PRODUCT_NAME = "$(TARGET_NAME)";
				PROVISIONING_PROFILE_SPECIFIER = "";
				SWIFT_VERSION = 5.0;
			};
			name = Release;
		};
/* End XCBuildConfiguration section */

/* Begin XCConfigurationList section */
		84D193D81C7B113600F4CDE3 /* Build configuration list for PBXProject "Picture Viewer" */ = {
			isa = XCConfigurationList;
			buildConfigurations = (
				84D193ED1C7B113600F4CDE3 /* Debug */,
				84D193EE1C7B113600F4CDE3 /* Release */,
			);
			defaultConfigurationIsVisible = 0;
			defaultConfigurationName = Release;
		};
		84D193EF1C7B113600F4CDE3 /* Build configuration list for PBXNativeTarget "Picture Viewer" */ = {
			isa = XCConfigurationList;
			buildConfigurations = (
				84D193F01C7B113600F4CDE3 /* Debug */,
				84D193F11C7B113600F4CDE3 /* Release */,
			);
			defaultConfigurationIsVisible = 0;
			defaultConfigurationName = Release;
		};
/* End XCConfigurationList section */
	};
	rootObject = 84D193D51C7B113600F4CDE3 /* Project object */;
}
